<?xml version="1.0" encoding="utf-8"?>
<Project ToolsVersion="4.0" xmlns="http://schemas.microsoft.com/developer/msbuild/2003">
  <ItemGroup>
    <ClCompile Include="..\Plugin.cpp" />
    <ClCompile Include="..\Pinger.cpp" />
  </ItemGroup>
  <ItemGroup>
    <ClInclude Include="..\Plugin.h" />
    <ClInclude Include="..\PingPluginAPI.h" />
    <ClInclude Include="..\Pinger.h" />
    <ClInclude Include="..\Debug.h" />
    <ClInclude Include="..\ICMP.h" />
  </ItemGroup>
</Project>